
Microsoft Visual Studio Solution File, Format Version 12.00
# Visual Studio Version 17
VisualStudioVersion = 17.14.36121.58 d17.14
MinimumVisualStudioVersion = 10.0.40219.1
Project("{FAE04EC0-301F-11D3-BF4B-00C04F79EFBC}") = "BarInventoryApp", "BarInventoryApp\BarInventoryApp.csproj", "{0EB930C5-DE42-4433-B14F-AC227145463F}"
EndProject
Global
	GlobalSection(SolutionConfigurationPlatforms) = preSolution
		Debug|Any CPU = Debug|Any CPU
		Release|Any CPU = Release|Any CPU
	EndGlobalSection
	GlobalSection(ProjectConfigurationPlatforms) = postSolution
		{0EB930C5-DE42-4433-B14F-AC227145463F}.Debug|Any CPU.ActiveCfg = Debug|Any CPU
		{0EB930C5-DE42-4433-B14F-AC227145463F}.Debug|Any CPU.Build.0 = Debug|Any CPU
		{0EB930C5-DE42-4433-B14F-AC227145463F}.Release|Any CPU.ActiveCfg = Release|Any CPU
		{0EB930C5-DE42-4433-B14F-AC227145463F}.Release|Any CPU.Build.0 = Release|Any CPU
	EndGlobalSection
	GlobalSection(SolutionProperties) = preSolution
		HideSolutionNode = FALSE
	EndGlobalSection
	GlobalSection(ExtensibilityGlobals) = postSolution
		SolutionGuid = {1A99F7A3-1E87-4C2A-9EDB-7E9DB7CAACD6}
	EndGlobalSection
EndGlobal
